{
    "version": 3,
    "terraform_version": "0.11.2",
    "serial": 4,
    "lineage": "0fb44d7b-9530-4503-b4d4-644872eb3677",
    "modules": [
        {
            "path": [
                "root"
            ],
            "outputs": {},
            "resources": {
                "aws_eip.proxy_ip-1": {
                    "type": "aws_eip",
                    "depends_on": [],
                    "primary": {
                        "id": "eipalloc-6c0e2542",
                        "attributes": {
                            "association_id": "eipassoc-b355b54f",
                            "domain": "vpc",
                            "id": "eipalloc-6c0e2542",
                            "instance": "",
                            "network_interface": "eni-13028c4d",
                            "private_ip": "10.0.1.97",
                            "public_ip": "18.219.20.36",
                            "tags.%": "0",
                            "vpc": "true"
                        },
                        "meta": {},
                        "tainted": false
                    },
                    "deposed": [],
                    "provider": "provider.aws"
                },
                "aws_eip.proxy_ip-2": {
                    "type": "aws_eip",
                    "depends_on": [],
                    "primary": {
                        "id": "eipalloc-0a0a2124",
                        "attributes": {
                            "association_id": "eipassoc-16656cdc",
                            "domain": "vpc",
                            "id": "eipalloc-0a0a2124",
                            "instance": "",
                            "network_interface": "eni-f9a85ead",
                            "private_ip": "10.0.2.210",
                            "public_ip": "18.218.51.178",
                            "tags.%": "0",
                            "vpc": "true"
                        },
                        "meta": {},
                        "tainted": false
                    },
                    "deposed": [],
                    "provider": "provider.aws"
                },
                "aws_eip.proxy_ip-3": {
                    "type": "aws_eip",
                    "depends_on": [],
                    "primary": {
                        "id": "eipalloc-6f0e2541",
                        "attributes": {
                            "association_id": "eipassoc-e45b6c3f",
                            "domain": "vpc",
                            "id": "eipalloc-6f0e2541",
                            "instance": "",
                            "network_interface": "eni-43ffd968",
                            "private_ip": "10.0.3.84",
                            "public_ip": "18.219.32.14",
                            "tags.%": "0",
                            "vpc": "true"
                        },
                        "meta": {},
                        "tainted": false
                    },
                    "deposed": [],
                    "provider": "provider.aws"
                },
                "aws_internet_gateway.default": {
                    "type": "aws_internet_gateway",
                    "depends_on": [
                        "aws_vpc.main"
                    ],
                    "primary": {
                        "id": "igw-68675e01",
                        "attributes": {
                            "id": "igw-68675e01",
                            "tags.%": "0",
                            "vpc_id": "vpc-b7f02bdf"
                        },
                        "meta": {},
                        "tainted": false
                    },
                    "deposed": [],
                    "provider": "provider.aws"
                },
                "aws_nat_gateway.us-east-2a": {
                    "type": "aws_nat_gateway",
                    "depends_on": [
                        "aws_eip.proxy_ip-1",
                        "aws_subnet.main-subnet-public-2a"
                    ],
                    "primary": {
                        "id": "nat-0be306af0e9a8787b",
                        "attributes": {
                            "allocation_id": "eipalloc-6c0e2542",
                            "id": "nat-0be306af0e9a8787b",
                            "network_interface_id": "eni-13028c4d",
                            "private_ip": "10.0.1.97",
                            "public_ip": "18.219.20.36",
                            "subnet_id": "subnet-1701a07f",
                            "tags.%": "0"
                        },
                        "meta": {},
                        "tainted": false
                    },
                    "deposed": [],
                    "provider": "provider.aws"
                },
                "aws_nat_gateway.us-east-2b": {
                    "type": "aws_nat_gateway",
                    "depends_on": [
                        "aws_eip.proxy_ip-2",
                        "aws_subnet.main-subnet-public-2b"
                    ],
                    "primary": {
                        "id": "nat-0fb41cb35c2c8d337",
                        "attributes": {
                            "allocation_id": "eipalloc-0a0a2124",
                            "id": "nat-0fb41cb35c2c8d337",
                            "network_interface_id": "eni-f9a85ead",
                            "private_ip": "10.0.2.210",
                            "public_ip": "18.218.51.178",
                            "subnet_id": "subnet-05d1ca7e",
                            "tags.%": "0"
                        },
                        "meta": {},
                        "tainted": false
                    },
                    "deposed": [],
                    "provider": "provider.aws"
                },
                "aws_nat_gateway.us-east-2c": {
                    "type": "aws_nat_gateway",
                    "depends_on": [
                        "aws_eip.proxy_ip-3",
                        "aws_subnet.main-subnet-public-2c"
                    ],
                    "primary": {
                        "id": "nat-06f78cbe49f0b660c",
                        "attributes": {
                            "allocation_id": "eipalloc-6f0e2541",
                            "id": "nat-06f78cbe49f0b660c",
                            "network_interface_id": "eni-43ffd968",
                            "private_ip": "10.0.3.84",
                            "public_ip": "18.219.32.14",
                            "subnet_id": "subnet-5a297517",
                            "tags.%": "0"
                        },
                        "meta": {},
                        "tainted": false
                    },
                    "deposed": [],
                    "provider": "provider.aws"
                },
                "aws_route_table.route-table-us-east-2": {
                    "type": "aws_route_table",
                    "depends_on": [
                        "aws_internet_gateway.default",
                        "aws_vpc.main"
                    ],
                    "primary": {
                        "id": "rtb-e86de780",
                        "attributes": {
                            "id": "rtb-e86de780",
                            "propagating_vgws.#": "0",
                            "route.#": "1",
                            "route.2110630141.cidr_block": "0.0.0.0/0",
                            "route.2110630141.egress_only_gateway_id": "",
                            "route.2110630141.gateway_id": "igw-68675e01",
                            "route.2110630141.instance_id": "",
                            "route.2110630141.ipv6_cidr_block": "",
                            "route.2110630141.nat_gateway_id": "",
                            "route.2110630141.network_interface_id": "",
                            "route.2110630141.vpc_peering_connection_id": "",
                            "tags.%": "1",
                            "tags.Name": "Public Subnet route table",
                            "vpc_id": "vpc-b7f02bdf"
                        },
                        "meta": {},
                        "tainted": false
                    },
                    "deposed": [],
                    "provider": "provider.aws"
                },
                "aws_route_table.route-table-us-east-2a-private": {
                    "type": "aws_route_table",
                    "depends_on": [
                        "aws_nat_gateway.us-east-2a",
                        "aws_vpc.main"
                    ],
                    "primary": {
                        "id": "rtb-e16de789",
                        "attributes": {
                            "id": "rtb-e16de789",
                            "propagating_vgws.#": "0",
                            "route.#": "1",
                            "route.3761564430.cidr_block": "0.0.0.0/0",
                            "route.3761564430.egress_only_gateway_id": "",
                            "route.3761564430.gateway_id": "",
                            "route.3761564430.instance_id": "",
                            "route.3761564430.ipv6_cidr_block": "",
                            "route.3761564430.nat_gateway_id": "nat-0be306af0e9a8787b",
                            "route.3761564430.network_interface_id": "",
                            "route.3761564430.vpc_peering_connection_id": "",
                            "tags.%": "1",
                            "tags.Name": "Private Subnet route table",
                            "vpc_id": "vpc-b7f02bdf"
                        },
                        "meta": {},
                        "tainted": false
                    },
                    "deposed": [],
                    "provider": "provider.aws"
                },
                "aws_route_table.route-table-us-east-2b-private": {
                    "type": "aws_route_table",
                    "depends_on": [
                        "aws_nat_gateway.us-east-2b",
                        "aws_vpc.main"
                    ],
                    "primary": {
                        "id": "rtb-c96fe5a1",
                        "attributes": {
                            "id": "rtb-c96fe5a1",
                            "propagating_vgws.#": "0",
                            "route.#": "1",
                            "route.1694224073.cidr_block": "0.0.0.0/0",
                            "route.1694224073.egress_only_gateway_id": "",
                            "route.1694224073.gateway_id": "",
                            "route.1694224073.instance_id": "",
                            "route.1694224073.ipv6_cidr_block": "",
                            "route.1694224073.nat_gateway_id": "nat-0fb41cb35c2c8d337",
                            "route.1694224073.network_interface_id": "",
                            "route.1694224073.vpc_peering_connection_id": "",
                            "tags.%": "1",
                            "tags.Name": "Private Subnet route table",
                            "vpc_id": "vpc-b7f02bdf"
                        },
                        "meta": {},
                        "tainted": false
                    },
                    "deposed": [],
                    "provider": "provider.aws"
                },
                "aws_route_table.route-table-us-east-2c-private": {
                    "type": "aws_route_table",
                    "depends_on": [
                        "aws_nat_gateway.us-east-2c",
                        "aws_vpc.main"
                    ],
                    "primary": {
                        "id": "rtb-806ee4e8",
                        "attributes": {
                            "id": "rtb-806ee4e8",
                            "propagating_vgws.#": "0",
                            "route.#": "1",
                            "route.3484255571.cidr_block": "0.0.0.0/0",
                            "route.3484255571.egress_only_gateway_id": "",
                            "route.3484255571.gateway_id": "",
                            "route.3484255571.instance_id": "",
                            "route.3484255571.ipv6_cidr_block": "",
                            "route.3484255571.nat_gateway_id": "nat-06f78cbe49f0b660c",
                            "route.3484255571.network_interface_id": "",
                            "route.3484255571.vpc_peering_connection_id": "",
                            "tags.%": "1",
                            "tags.Name": "Private Subnet route table",
                            "vpc_id": "vpc-b7f02bdf"
                        },
                        "meta": {},
                        "tainted": false
                    },
                    "deposed": [],
                    "provider": "provider.aws"
                },
                "aws_route_table_association.route-table-association-2a": {
                    "type": "aws_route_table_association",
                    "depends_on": [
                        "aws_route_table.route-table-us-east-2",
                        "aws_subnet.main-subnet-public-2a"
                    ],
                    "primary": {
                        "id": "rtbassoc-6b555c03",
                        "attributes": {
                            "id": "rtbassoc-6b555c03",
                            "route_table_id": "rtb-e86de780",
                            "subnet_id": "subnet-1701a07f"
                        },
                        "meta": {},
                        "tainted": false
                    },
                    "deposed": [],
                    "provider": "provider.aws"
                },
                "aws_route_table_association.route-table-association-2b": {
                    "type": "aws_route_table_association",
                    "depends_on": [
                        "aws_route_table.route-table-us-east-2",
                        "aws_subnet.main-subnet-public-2b"
                    ],
                    "primary": {
                        "id": "rtbassoc-9f5e57f7",
                        "attributes": {
                            "id": "rtbassoc-9f5e57f7",
                            "route_table_id": "rtb-e86de780",
                            "subnet_id": "subnet-05d1ca7e"
                        },
                        "meta": {},
                        "tainted": false
                    },
                    "deposed": [],
                    "provider": "provider.aws"
                },
                "aws_route_table_association.route-table-association-2c": {
                    "type": "aws_route_table_association",
                    "depends_on": [
                        "aws_route_table.route-table-us-east-2",
                        "aws_subnet.main-subnet-public-2c"
                    ],
                    "primary": {
                        "id": "rtbassoc-f9535a91",
                        "attributes": {
                            "id": "rtbassoc-f9535a91",
                            "route_table_id": "rtb-e86de780",
                            "subnet_id": "subnet-5a297517"
                        },
                        "meta": {},
                        "tainted": false
                    },
                    "deposed": [],
                    "provider": "provider.aws"
                },
                "aws_route_table_association.route-table-association-private-2a": {
                    "type": "aws_route_table_association",
                    "depends_on": [
                        "aws_route_table.route-table-us-east-2a-private",
                        "aws_subnet.main-subnet-private-2a"
                    ],
                    "primary": {
                        "id": "rtbassoc-3451585c",
                        "attributes": {
                            "id": "rtbassoc-3451585c",
                            "route_table_id": "rtb-e16de789",
                            "subnet_id": "subnet-d43e9fbc"
                        },
                        "meta": {},
                        "tainted": false
                    },
                    "deposed": [],
                    "provider": "provider.aws"
                },
                "aws_route_table_association.route-table-association-private-2b": {
                    "type": "aws_route_table_association",
                    "depends_on": [
                        "aws_route_table.route-table-us-east-2b-private",
                        "aws_subnet.main-subnet-private-2b"
                    ],
                    "primary": {
                        "id": "rtbassoc-f95e5791",
                        "attributes": {
                            "id": "rtbassoc-f95e5791",
                            "route_table_id": "rtb-c96fe5a1",
                            "subnet_id": "subnet-84d3c8ff"
                        },
                        "meta": {},
                        "tainted": false
                    },
                    "deposed": [],
                    "provider": "provider.aws"
                },
                "aws_route_table_association.route-table-association-private-2c": {
                    "type": "aws_route_table_association",
                    "depends_on": [
                        "aws_route_table.route-table-us-east-2c-private",
                        "aws_subnet.main-subnet-private-2c"
                    ],
                    "primary": {
                        "id": "rtbassoc-8d535ae5",
                        "attributes": {
                            "id": "rtbassoc-8d535ae5",
                            "route_table_id": "rtb-806ee4e8",
                            "subnet_id": "subnet-fe2874b3"
                        },
                        "meta": {},
                        "tainted": false
                    },
                    "deposed": [],
                    "provider": "provider.aws"
                },
                "aws_subnet.main-subnet-private-2a": {
                    "type": "aws_subnet",
                    "depends_on": [
                        "aws_vpc.main"
                    ],
                    "primary": {
                        "id": "subnet-d43e9fbc",
                        "attributes": {
                            "assign_ipv6_address_on_creation": "false",
                            "availability_zone": "us-east-2a",
                            "cidr_block": "10.0.4.0/24",
                            "id": "subnet-d43e9fbc",
                            "map_public_ip_on_launch": "false",
                            "tags.%": "1",
                            "tags.Name": "private subnet 2a",
                            "vpc_id": "vpc-b7f02bdf"
                        },
                        "meta": {
                            "schema_version": "1"
                        },
                        "tainted": false
                    },
                    "deposed": [],
                    "provider": "provider.aws"
                },
                "aws_subnet.main-subnet-private-2b": {
                    "type": "aws_subnet",
                    "depends_on": [
                        "aws_vpc.main"
                    ],
                    "primary": {
                        "id": "subnet-84d3c8ff",
                        "attributes": {
                            "assign_ipv6_address_on_creation": "false",
                            "availability_zone": "us-east-2b",
                            "cidr_block": "10.0.5.0/24",
                            "id": "subnet-84d3c8ff",
                            "map_public_ip_on_launch": "false",
                            "tags.%": "1",
                            "tags.Name": "private subnet 2b",
                            "vpc_id": "vpc-b7f02bdf"
                        },
                        "meta": {
                            "schema_version": "1"
                        },
                        "tainted": false
                    },
                    "deposed": [],
                    "provider": "provider.aws"
                },
                "aws_subnet.main-subnet-private-2c": {
                    "type": "aws_subnet",
                    "depends_on": [
                        "aws_vpc.main"
                    ],
                    "primary": {
                        "id": "subnet-fe2874b3",
                        "attributes": {
                            "assign_ipv6_address_on_creation": "false",
                            "availability_zone": "us-east-2c",
                            "cidr_block": "10.0.6.0/24",
                            "id": "subnet-fe2874b3",
                            "map_public_ip_on_launch": "false",
                            "tags.%": "1",
                            "tags.Name": "private subnet 2c",
                            "vpc_id": "vpc-b7f02bdf"
                        },
                        "meta": {
                            "schema_version": "1"
                        },
                        "tainted": false
                    },
                    "deposed": [],
                    "provider": "provider.aws"
                },
                "aws_subnet.main-subnet-public-2a": {
                    "type": "aws_subnet",
                    "depends_on": [
                        "aws_vpc.main"
                    ],
                    "primary": {
                        "id": "subnet-1701a07f",
                        "attributes": {
                            "assign_ipv6_address_on_creation": "false",
                            "availability_zone": "us-east-2a",
                            "cidr_block": "10.0.1.0/24",
                            "id": "subnet-1701a07f",
                            "map_public_ip_on_launch": "false",
                            "tags.%": "1",
                            "tags.Name": "public subnet 2a",
                            "vpc_id": "vpc-b7f02bdf"
                        },
                        "meta": {
                            "schema_version": "1"
                        },
                        "tainted": false
                    },
                    "deposed": [],
                    "provider": "provider.aws"
                },
                "aws_subnet.main-subnet-public-2b": {
                    "type": "aws_subnet",
                    "depends_on": [
                        "aws_vpc.main"
                    ],
                    "primary": {
                        "id": "subnet-05d1ca7e",
                        "attributes": {
                            "assign_ipv6_address_on_creation": "false",
                            "availability_zone": "us-east-2b",
                            "cidr_block": "10.0.2.0/24",
                            "id": "subnet-05d1ca7e",
                            "map_public_ip_on_launch": "false",
                            "tags.%": "1",
                            "tags.Name": "public subnet 2b",
                            "vpc_id": "vpc-b7f02bdf"
                        },
                        "meta": {
                            "schema_version": "1"
                        },
                        "tainted": false
                    },
                    "deposed": [],
                    "provider": "provider.aws"
                },
                "aws_subnet.main-subnet-public-2c": {
                    "type": "aws_subnet",
                    "depends_on": [
                        "aws_vpc.main"
                    ],
                    "primary": {
                        "id": "subnet-5a297517",
                        "attributes": {
                            "assign_ipv6_address_on_creation": "false",
                            "availability_zone": "us-east-2c",
                            "cidr_block": "10.0.3.0/24",
                            "id": "subnet-5a297517",
                            "map_public_ip_on_launch": "false",
                            "tags.%": "1",
                            "tags.Name": "public subnet 2c",
                            "vpc_id": "vpc-b7f02bdf"
                        },
                        "meta": {
                            "schema_version": "1"
                        },
                        "tainted": false
                    },
                    "deposed": [],
                    "provider": "provider.aws"
                },
                "aws_vpc.main": {
                    "type": "aws_vpc",
                    "depends_on": [],
                    "primary": {
                        "id": "vpc-b7f02bdf",
                        "attributes": {
                            "assign_generated_ipv6_cidr_block": "false",
                            "cidr_block": "10.0.0.0/16",
                            "default_network_acl_id": "acl-7749f61f",
                            "default_route_table_id": "rtb-1e50da76",
                            "default_security_group_id": "sg-be0bc7d5",
                            "dhcp_options_id": "dopt-ab48e0c3",
                            "enable_dns_hostnames": "false",
                            "enable_dns_support": "true",
                            "id": "vpc-b7f02bdf",
                            "instance_tenancy": "default",
                            "main_route_table_id": "rtb-1e50da76",
                            "tags.%": "0"
                        },
                        "meta": {
                            "schema_version": "1"
                        },
                        "tainted": false
                    },
                    "deposed": [],
                    "provider": "provider.aws"
                }
            },
            "depends_on": []
        }
    ]
}
