{
    "version": 3,
    "terraform_version": "0.11.2",
    "serial": 18,
    "lineage": "0fb44d7b-9530-4503-b4d4-644872eb3677",
    "modules": [
        {
            "path": [
                "root"
            ],
            "outputs": {},
            "resources": {
                "aws_db_instance.default": {
                    "type": "aws_db_instance",
                    "depends_on": [
                        "aws_db_subnet_group.default",
                        "aws_security_group.internal-sg"
                    ],
                    "primary": {
                        "id": "terraform-20180206014449057500000001",
                        "attributes": {
                            "address": "terraform-20180206014449057500000001.cbljph1qoyyl.us-east-2.rds.amazonaws.com",
                            "allocated_storage": "10",
                            "arn": "arn:aws:rds:us-east-2:932015061793:db:terraform-20180206014449057500000001",
                            "auto_minor_version_upgrade": "true",
                            "availability_zone": "us-east-2b",
                            "backup_retention_period": "0",
                            "backup_window": "04:58-05:28",
                            "ca_cert_identifier": "rds-ca-2015",
                            "copy_tags_to_snapshot": "false",
                            "db_subnet_group_name": "main",
                            "endpoint": "terraform-20180206014449057500000001.cbljph1qoyyl.us-east-2.rds.amazonaws.com:3306",
                            "engine": "mysql",
                            "engine_version": "5.7.19",
                            "hosted_zone_id": "Z2XHWR1WZ565X2",
                            "iam_database_authentication_enabled": "false",
                            "id": "terraform-20180206014449057500000001",
                            "identifier": "terraform-20180206014449057500000001",
                            "instance_class": "db.t2.micro",
                            "iops": "0",
                            "kms_key_id": "",
                            "license_model": "general-public-license",
                            "maintenance_window": "sun:06:09-sun:06:39",
                            "monitoring_interval": "0",
                            "multi_az": "false",
                            "name": "mydb",
                            "option_group_name": "default:mysql-5-7",
                            "parameter_group_name": "default.mysql5.7",
                            "password": "bar12345",
                            "port": "3306",
                            "publicly_accessible": "false",
                            "replicas.#": "0",
                            "replicate_source_db": "",
                            "resource_id": "db-IHO7H2MOTG7WLA3A5SJCA5MJIY",
                            "security_group_names.#": "0",
                            "skip_final_snapshot": "true",
                            "status": "available",
                            "storage_encrypted": "false",
                            "storage_type": "gp2",
                            "tags.%": "0",
                            "timezone": "",
                            "username": "foo",
                            "vpc_security_group_ids.#": "1",
                            "vpc_security_group_ids.4216177402": "sg-db508eb0"
                        },
                        "meta": {
                            "e2bfb730-ecaa-11e6-8f88-34363bc7c4c0": {
                                "create": 2400000000000,
                                "delete": 2400000000000,
                                "update": 4800000000000
                            }
                        },
                        "tainted": false
                    },
                    "deposed": [],
                    "provider": "provider.aws"
                },
                "aws_db_subnet_group.default": {
                    "type": "aws_db_subnet_group",
                    "depends_on": [
                        "aws_subnet.main-subnet-private-2a",
                        "aws_subnet.main-subnet-private-2b",
                        "aws_subnet.main-subnet-private-2c"
                    ],
                    "primary": {
                        "id": "main",
                        "attributes": {
                            "arn": "arn:aws:rds:us-east-2:932015061793:subgrp:main",
                            "description": "Managed by Terraform",
                            "id": "main",
                            "name": "main",
                            "subnet_ids.#": "3",
                            "subnet_ids.1822754228": "subnet-5ee6bc13",
                            "subnet_ids.2267127319": "subnet-e623c09c",
                            "subnet_ids.2858222713": "subnet-f0a30b98",
                            "tags.%": "1",
                            "tags.Name": "My DB subnet group"
                        },
                        "meta": {},
                        "tainted": false
                    },
                    "deposed": [],
                    "provider": "provider.aws"
                },
                "aws_eip.proxy_ip-1": {
                    "type": "aws_eip",
                    "depends_on": [],
                    "primary": {
                        "id": "eipalloc-27a29609",
                        "attributes": {
                            "association_id": "eipassoc-4a9977b6",
                            "domain": "vpc",
                            "id": "eipalloc-27a29609",
                            "instance": "",
                            "network_interface": "eni-738ae52d",
                            "private_ip": "10.0.1.21",
                            "public_ip": "18.219.91.115",
                            "tags.%": "0",
                            "vpc": "true"
                        },
                        "meta": {},
                        "tainted": false
                    },
                    "deposed": [],
                    "provider": "provider.aws"
                },
                "aws_eip.proxy_ip-2": {
                    "type": "aws_eip",
                    "depends_on": [],
                    "primary": {
                        "id": "eipalloc-11a1953f",
                        "attributes": {
                            "association_id": "eipassoc-a8839662",
                            "domain": "vpc",
                            "id": "eipalloc-11a1953f",
                            "instance": "",
                            "network_interface": "eni-a511dcf1",
                            "private_ip": "10.0.2.198",
                            "public_ip": "18.220.176.49",
                            "tags.%": "0",
                            "vpc": "true"
                        },
                        "meta": {},
                        "tainted": false
                    },
                    "deposed": [],
                    "provider": "provider.aws"
                },
                "aws_eip.proxy_ip-3": {
                    "type": "aws_eip",
                    "depends_on": [],
                    "primary": {
                        "id": "eipalloc-1ea39730",
                        "attributes": {
                            "association_id": "eipassoc-b5ddec6e",
                            "domain": "vpc",
                            "id": "eipalloc-1ea39730",
                            "instance": "",
                            "network_interface": "eni-d91120f2",
                            "private_ip": "10.0.3.146",
                            "public_ip": "52.15.42.218",
                            "tags.%": "0",
                            "vpc": "true"
                        },
                        "meta": {},
                        "tainted": false
                    },
                    "deposed": [],
                    "provider": "provider.aws"
                },
                "aws_internet_gateway.default": {
                    "type": "aws_internet_gateway",
                    "depends_on": [
                        "aws_vpc.main"
                    ],
                    "primary": {
                        "id": "igw-706d6a19",
                        "attributes": {
                            "id": "igw-706d6a19",
                            "tags.%": "0",
                            "vpc_id": "vpc-8a71d3e2"
                        },
                        "meta": {},
                        "tainted": false
                    },
                    "deposed": [],
                    "provider": "provider.aws"
                },
                "aws_nat_gateway.us-east-2a": {
                    "type": "aws_nat_gateway",
                    "depends_on": [
                        "aws_eip.proxy_ip-1",
                        "aws_subnet.main-subnet-public-2a"
                    ],
                    "primary": {
                        "id": "nat-0a2d54530597d8903",
                        "attributes": {
                            "allocation_id": "eipalloc-27a29609",
                            "id": "nat-0a2d54530597d8903",
                            "network_interface_id": "eni-738ae52d",
                            "private_ip": "10.0.1.21",
                            "public_ip": "18.219.91.115",
                            "subnet_id": "subnet-a0a20ac8",
                            "tags.%": "0"
                        },
                        "meta": {},
                        "tainted": false
                    },
                    "deposed": [],
                    "provider": "provider.aws"
                },
                "aws_nat_gateway.us-east-2b": {
                    "type": "aws_nat_gateway",
                    "depends_on": [
                        "aws_eip.proxy_ip-2",
                        "aws_subnet.main-subnet-public-2b"
                    ],
                    "primary": {
                        "id": "nat-07e14e0c089e5611d",
                        "attributes": {
                            "allocation_id": "eipalloc-11a1953f",
                            "id": "nat-07e14e0c089e5611d",
                            "network_interface_id": "eni-a511dcf1",
                            "private_ip": "10.0.2.198",
                            "public_ip": "18.220.176.49",
                            "subnet_id": "subnet-da20c3a0",
                            "tags.%": "0"
                        },
                        "meta": {},
                        "tainted": false
                    },
                    "deposed": [],
                    "provider": "provider.aws"
                },
                "aws_nat_gateway.us-east-2c": {
                    "type": "aws_nat_gateway",
                    "depends_on": [
                        "aws_eip.proxy_ip-3",
                        "aws_subnet.main-subnet-public-2c"
                    ],
                    "primary": {
                        "id": "nat-01a6c34997b43555e",
                        "attributes": {
                            "allocation_id": "eipalloc-1ea39730",
                            "id": "nat-01a6c34997b43555e",
                            "network_interface_id": "eni-d91120f2",
                            "private_ip": "10.0.3.146",
                            "public_ip": "52.15.42.218",
                            "subnet_id": "subnet-60e7bd2d",
                            "tags.%": "0"
                        },
                        "meta": {},
                        "tainted": false
                    },
                    "deposed": [],
                    "provider": "provider.aws"
                },
                "aws_route53_record.dev-ns": {
                    "type": "aws_route53_record",
                    "depends_on": [
                        "aws_db_instance.default",
                        "aws_route53_zone.main"
                    ],
                    "primary": {
                        "id": "ZJBJXPOQ6ZPE4_database.serverless-examples.net_CNAME",
                        "attributes": {
                            "fqdn": "database.serverless-examples.net",
                            "health_check_id": "",
                            "id": "ZJBJXPOQ6ZPE4_database.serverless-examples.net_CNAME",
                            "name": "database.serverless-examples.net",
                            "records.#": "1",
                            "records.4029767704": "terraform-20180206014449057500000001.cbljph1qoyyl.us-east-2.rds.amazonaws.com",
                            "set_identifier": "",
                            "ttl": "300",
                            "type": "CNAME",
                            "zone_id": "ZJBJXPOQ6ZPE4"
                        },
                        "meta": {
                            "schema_version": "2"
                        },
                        "tainted": false
                    },
                    "deposed": [],
                    "provider": "provider.aws"
                },
                "aws_route53_zone.main": {
                    "type": "aws_route53_zone",
                    "depends_on": [
                        "aws_vpc.main"
                    ],
                    "primary": {
                        "id": "ZJBJXPOQ6ZPE4",
                        "attributes": {
                            "comment": "Managed by Terraform",
                            "force_destroy": "false",
                            "id": "ZJBJXPOQ6ZPE4",
                            "name": "serverless-examples.net",
                            "name_servers.#": "4",
                            "name_servers.0": "ns-0.awsdns-00.com.",
                            "name_servers.1": "ns-1024.awsdns-00.org.",
                            "name_servers.2": "ns-1536.awsdns-00.co.uk.",
                            "name_servers.3": "ns-512.awsdns-00.net.",
                            "tags.%": "0",
                            "vpc_id": "vpc-8a71d3e2",
                            "vpc_region": "us-east-2",
                            "zone_id": "ZJBJXPOQ6ZPE4"
                        },
                        "meta": {},
                        "tainted": false
                    },
                    "deposed": [],
                    "provider": "provider.aws"
                },
                "aws_route_table.route-table-us-east-2": {
                    "type": "aws_route_table",
                    "depends_on": [
                        "aws_internet_gateway.default",
                        "aws_vpc.main"
                    ],
                    "primary": {
                        "id": "rtb-6fab3407",
                        "attributes": {
                            "id": "rtb-6fab3407",
                            "propagating_vgws.#": "0",
                            "route.#": "1",
                            "route.302220597.cidr_block": "0.0.0.0/0",
                            "route.302220597.egress_only_gateway_id": "",
                            "route.302220597.gateway_id": "igw-706d6a19",
                            "route.302220597.instance_id": "",
                            "route.302220597.ipv6_cidr_block": "",
                            "route.302220597.nat_gateway_id": "",
                            "route.302220597.network_interface_id": "",
                            "route.302220597.vpc_peering_connection_id": "",
                            "tags.%": "1",
                            "tags.Name": "Public Subnet route table",
                            "vpc_id": "vpc-8a71d3e2"
                        },
                        "meta": {},
                        "tainted": false
                    },
                    "deposed": [],
                    "provider": "provider.aws"
                },
                "aws_route_table.route-table-us-east-2a-private": {
                    "type": "aws_route_table",
                    "depends_on": [
                        "aws_nat_gateway.us-east-2a",
                        "aws_vpc.main"
                    ],
                    "primary": {
                        "id": "rtb-caad32a2",
                        "attributes": {
                            "id": "rtb-caad32a2",
                            "propagating_vgws.#": "0",
                            "route.#": "1",
                            "route.599815120.cidr_block": "0.0.0.0/0",
                            "route.599815120.egress_only_gateway_id": "",
                            "route.599815120.gateway_id": "",
                            "route.599815120.instance_id": "",
                            "route.599815120.ipv6_cidr_block": "",
                            "route.599815120.nat_gateway_id": "nat-0a2d54530597d8903",
                            "route.599815120.network_interface_id": "",
                            "route.599815120.vpc_peering_connection_id": "",
                            "tags.%": "1",
                            "tags.Name": "Private Subnet route table",
                            "vpc_id": "vpc-8a71d3e2"
                        },
                        "meta": {},
                        "tainted": false
                    },
                    "deposed": [],
                    "provider": "provider.aws"
                },
                "aws_route_table.route-table-us-east-2b-private": {
                    "type": "aws_route_table",
                    "depends_on": [
                        "aws_nat_gateway.us-east-2b",
                        "aws_vpc.main"
                    ],
                    "primary": {
                        "id": "rtb-d4af30bc",
                        "attributes": {
                            "id": "rtb-d4af30bc",
                            "propagating_vgws.#": "0",
                            "route.#": "1",
                            "route.3869662875.cidr_block": "0.0.0.0/0",
                            "route.3869662875.egress_only_gateway_id": "",
                            "route.3869662875.gateway_id": "",
                            "route.3869662875.instance_id": "",
                            "route.3869662875.ipv6_cidr_block": "",
                            "route.3869662875.nat_gateway_id": "nat-07e14e0c089e5611d",
                            "route.3869662875.network_interface_id": "",
                            "route.3869662875.vpc_peering_connection_id": "",
                            "tags.%": "1",
                            "tags.Name": "Private Subnet route table",
                            "vpc_id": "vpc-8a71d3e2"
                        },
                        "meta": {},
                        "tainted": false
                    },
                    "deposed": [],
                    "provider": "provider.aws"
                },
                "aws_route_table.route-table-us-east-2c-private": {
                    "type": "aws_route_table",
                    "depends_on": [
                        "aws_nat_gateway.us-east-2c",
                        "aws_vpc.main"
                    ],
                    "primary": {
                        "id": "rtb-67ab340f",
                        "attributes": {
                            "id": "rtb-67ab340f",
                            "propagating_vgws.#": "0",
                            "route.#": "1",
                            "route.3898365484.cidr_block": "0.0.0.0/0",
                            "route.3898365484.egress_only_gateway_id": "",
                            "route.3898365484.gateway_id": "",
                            "route.3898365484.instance_id": "",
                            "route.3898365484.ipv6_cidr_block": "",
                            "route.3898365484.nat_gateway_id": "nat-01a6c34997b43555e",
                            "route.3898365484.network_interface_id": "",
                            "route.3898365484.vpc_peering_connection_id": "",
                            "tags.%": "1",
                            "tags.Name": "Private Subnet route table",
                            "vpc_id": "vpc-8a71d3e2"
                        },
                        "meta": {},
                        "tainted": false
                    },
                    "deposed": [],
                    "provider": "provider.aws"
                },
                "aws_route_table_association.route-table-association-2a": {
                    "type": "aws_route_table_association",
                    "depends_on": [
                        "aws_route_table.route-table-us-east-2",
                        "aws_subnet.main-subnet-public-2a"
                    ],
                    "primary": {
                        "id": "rtbassoc-2ac9d742",
                        "attributes": {
                            "id": "rtbassoc-2ac9d742",
                            "route_table_id": "rtb-6fab3407",
                            "subnet_id": "subnet-a0a20ac8"
                        },
                        "meta": {},
                        "tainted": false
                    },
                    "deposed": [],
                    "provider": "provider.aws"
                },
                "aws_route_table_association.route-table-association-2b": {
                    "type": "aws_route_table_association",
                    "depends_on": [
                        "aws_route_table.route-table-us-east-2",
                        "aws_subnet.main-subnet-public-2b"
                    ],
                    "primary": {
                        "id": "rtbassoc-94c9d7fc",
                        "attributes": {
                            "id": "rtbassoc-94c9d7fc",
                            "route_table_id": "rtb-6fab3407",
                            "subnet_id": "subnet-da20c3a0"
                        },
                        "meta": {},
                        "tainted": false
                    },
                    "deposed": [],
                    "provider": "provider.aws"
                },
                "aws_route_table_association.route-table-association-2c": {
                    "type": "aws_route_table_association",
                    "depends_on": [
                        "aws_route_table.route-table-us-east-2",
                        "aws_subnet.main-subnet-public-2c"
                    ],
                    "primary": {
                        "id": "rtbassoc-e2c8d68a",
                        "attributes": {
                            "id": "rtbassoc-e2c8d68a",
                            "route_table_id": "rtb-6fab3407",
                            "subnet_id": "subnet-60e7bd2d"
                        },
                        "meta": {},
                        "tainted": false
                    },
                    "deposed": [],
                    "provider": "provider.aws"
                },
                "aws_route_table_association.route-table-association-private-2a": {
                    "type": "aws_route_table_association",
                    "depends_on": [
                        "aws_route_table.route-table-us-east-2a-private",
                        "aws_subnet.main-subnet-private-2a"
                    ],
                    "primary": {
                        "id": "rtbassoc-6fc6d807",
                        "attributes": {
                            "id": "rtbassoc-6fc6d807",
                            "route_table_id": "rtb-caad32a2",
                            "subnet_id": "subnet-f0a30b98"
                        },
                        "meta": {},
                        "tainted": false
                    },
                    "deposed": [],
                    "provider": "provider.aws"
                },
                "aws_route_table_association.route-table-association-private-2b": {
                    "type": "aws_route_table_association",
                    "depends_on": [
                        "aws_route_table.route-table-us-east-2b-private",
                        "aws_subnet.main-subnet-private-2b"
                    ],
                    "primary": {
                        "id": "rtbassoc-cdc9d7a5",
                        "attributes": {
                            "id": "rtbassoc-cdc9d7a5",
                            "route_table_id": "rtb-d4af30bc",
                            "subnet_id": "subnet-e623c09c"
                        },
                        "meta": {},
                        "tainted": false
                    },
                    "deposed": [],
                    "provider": "provider.aws"
                },
                "aws_route_table_association.route-table-association-private-2c": {
                    "type": "aws_route_table_association",
                    "depends_on": [
                        "aws_route_table.route-table-us-east-2c-private",
                        "aws_subnet.main-subnet-private-2c"
                    ],
                    "primary": {
                        "id": "rtbassoc-c0c4daa8",
                        "attributes": {
                            "id": "rtbassoc-c0c4daa8",
                            "route_table_id": "rtb-67ab340f",
                            "subnet_id": "subnet-5ee6bc13"
                        },
                        "meta": {},
                        "tainted": false
                    },
                    "deposed": [],
                    "provider": "provider.aws"
                },
                "aws_s3_bucket.batch-data-example": {
                    "type": "aws_s3_bucket",
                    "depends_on": [],
                    "primary": {
                        "id": "serverless-test-data-bucket-example",
                        "attributes": {
                            "acceleration_status": "",
                            "acl": "private",
                            "arn": "arn:aws:s3:::serverless-test-data-bucket-example",
                            "bucket": "serverless-test-data-bucket-example",
                            "bucket_domain_name": "serverless-test-data-bucket-example.s3.amazonaws.com",
                            "force_destroy": "false",
                            "hosted_zone_id": "Z2O1EMRO9K5GLX",
                            "id": "serverless-test-data-bucket-example",
                            "logging.#": "0",
                            "region": "us-east-2",
                            "request_payer": "BucketOwner",
                            "server_side_encryption_configuration.#": "0",
                            "tags.%": "0",
                            "versioning.#": "1",
                            "versioning.0.enabled": "false",
                            "versioning.0.mfa_delete": "false",
                            "website.#": "0"
                        },
                        "meta": {},
                        "tainted": false
                    },
                    "deposed": [],
                    "provider": "provider.aws"
                },
                "aws_security_group.internal-sg": {
                    "type": "aws_security_group",
                    "depends_on": [
                        "aws_vpc.main"
                    ],
                    "primary": {
                        "id": "sg-db508eb0",
                        "attributes": {
                            "description": "Allow all traffic from the VPC",
                            "egress.#": "1",
                            "egress.482069346.cidr_blocks.#": "1",
                            "egress.482069346.cidr_blocks.0": "0.0.0.0/0",
                            "egress.482069346.description": "",
                            "egress.482069346.from_port": "0",
                            "egress.482069346.ipv6_cidr_blocks.#": "0",
                            "egress.482069346.prefix_list_ids.#": "0",
                            "egress.482069346.protocol": "-1",
                            "egress.482069346.security_groups.#": "0",
                            "egress.482069346.self": "false",
                            "egress.482069346.to_port": "0",
                            "id": "sg-db508eb0",
                            "ingress.#": "1",
                            "ingress.2938088484.cidr_blocks.#": "1",
                            "ingress.2938088484.cidr_blocks.0": "10.0.0.0/16",
                            "ingress.2938088484.description": "",
                            "ingress.2938088484.from_port": "3306",
                            "ingress.2938088484.ipv6_cidr_blocks.#": "0",
                            "ingress.2938088484.protocol": "tcp",
                            "ingress.2938088484.security_groups.#": "0",
                            "ingress.2938088484.self": "false",
                            "ingress.2938088484.to_port": "3306",
                            "name": "internal-vpc-sg",
                            "owner_id": "932015061793",
                            "revoke_rules_on_delete": "false",
                            "tags.%": "0",
                            "vpc_id": "vpc-8a71d3e2"
                        },
                        "meta": {
                            "schema_version": "1"
                        },
                        "tainted": false
                    },
                    "deposed": [],
                    "provider": "provider.aws"
                },
                "aws_subnet.main-subnet-private-2a": {
                    "type": "aws_subnet",
                    "depends_on": [
                        "aws_vpc.main"
                    ],
                    "primary": {
                        "id": "subnet-f0a30b98",
                        "attributes": {
                            "assign_ipv6_address_on_creation": "false",
                            "availability_zone": "us-east-2a",
                            "cidr_block": "10.0.4.0/24",
                            "id": "subnet-f0a30b98",
                            "map_public_ip_on_launch": "false",
                            "tags.%": "1",
                            "tags.Name": "private subnet 2a",
                            "vpc_id": "vpc-8a71d3e2"
                        },
                        "meta": {
                            "schema_version": "1"
                        },
                        "tainted": false
                    },
                    "deposed": [],
                    "provider": "provider.aws"
                },
                "aws_subnet.main-subnet-private-2b": {
                    "type": "aws_subnet",
                    "depends_on": [
                        "aws_vpc.main"
                    ],
                    "primary": {
                        "id": "subnet-e623c09c",
                        "attributes": {
                            "assign_ipv6_address_on_creation": "false",
                            "availability_zone": "us-east-2b",
                            "cidr_block": "10.0.5.0/24",
                            "id": "subnet-e623c09c",
                            "map_public_ip_on_launch": "false",
                            "tags.%": "1",
                            "tags.Name": "private subnet 2b",
                            "vpc_id": "vpc-8a71d3e2"
                        },
                        "meta": {
                            "schema_version": "1"
                        },
                        "tainted": false
                    },
                    "deposed": [],
                    "provider": "provider.aws"
                },
                "aws_subnet.main-subnet-private-2c": {
                    "type": "aws_subnet",
                    "depends_on": [
                        "aws_vpc.main"
                    ],
                    "primary": {
                        "id": "subnet-5ee6bc13",
                        "attributes": {
                            "assign_ipv6_address_on_creation": "false",
                            "availability_zone": "us-east-2c",
                            "cidr_block": "10.0.6.0/24",
                            "id": "subnet-5ee6bc13",
                            "map_public_ip_on_launch": "false",
                            "tags.%": "1",
                            "tags.Name": "private subnet 2c",
                            "vpc_id": "vpc-8a71d3e2"
                        },
                        "meta": {
                            "schema_version": "1"
                        },
                        "tainted": false
                    },
                    "deposed": [],
                    "provider": "provider.aws"
                },
                "aws_subnet.main-subnet-public-2a": {
                    "type": "aws_subnet",
                    "depends_on": [
                        "aws_vpc.main"
                    ],
                    "primary": {
                        "id": "subnet-a0a20ac8",
                        "attributes": {
                            "assign_ipv6_address_on_creation": "false",
                            "availability_zone": "us-east-2a",
                            "cidr_block": "10.0.1.0/24",
                            "id": "subnet-a0a20ac8",
                            "map_public_ip_on_launch": "false",
                            "tags.%": "1",
                            "tags.Name": "public subnet 2a",
                            "vpc_id": "vpc-8a71d3e2"
                        },
                        "meta": {
                            "schema_version": "1"
                        },
                        "tainted": false
                    },
                    "deposed": [],
                    "provider": "provider.aws"
                },
                "aws_subnet.main-subnet-public-2b": {
                    "type": "aws_subnet",
                    "depends_on": [
                        "aws_vpc.main"
                    ],
                    "primary": {
                        "id": "subnet-da20c3a0",
                        "attributes": {
                            "assign_ipv6_address_on_creation": "false",
                            "availability_zone": "us-east-2b",
                            "cidr_block": "10.0.2.0/24",
                            "id": "subnet-da20c3a0",
                            "map_public_ip_on_launch": "false",
                            "tags.%": "1",
                            "tags.Name": "public subnet 2b",
                            "vpc_id": "vpc-8a71d3e2"
                        },
                        "meta": {
                            "schema_version": "1"
                        },
                        "tainted": false
                    },
                    "deposed": [],
                    "provider": "provider.aws"
                },
                "aws_subnet.main-subnet-public-2c": {
                    "type": "aws_subnet",
                    "depends_on": [
                        "aws_vpc.main"
                    ],
                    "primary": {
                        "id": "subnet-60e7bd2d",
                        "attributes": {
                            "assign_ipv6_address_on_creation": "false",
                            "availability_zone": "us-east-2c",
                            "cidr_block": "10.0.3.0/24",
                            "id": "subnet-60e7bd2d",
                            "map_public_ip_on_launch": "false",
                            "tags.%": "1",
                            "tags.Name": "public subnet 2c",
                            "vpc_id": "vpc-8a71d3e2"
                        },
                        "meta": {
                            "schema_version": "1"
                        },
                        "tainted": false
                    },
                    "deposed": [],
                    "provider": "provider.aws"
                },
                "aws_vpc.main": {
                    "type": "aws_vpc",
                    "depends_on": [],
                    "primary": {
                        "id": "vpc-8a71d3e2",
                        "attributes": {
                            "assign_generated_ipv6_cidr_block": "false",
                            "cidr_block": "10.0.0.0/16",
                            "default_network_acl_id": "acl-b360e1db",
                            "default_route_table_id": "rtb-86ad32ee",
                            "default_security_group_id": "sg-7e518f15",
                            "dhcp_options_id": "dopt-ab48e0c3",
                            "enable_dns_hostnames": "false",
                            "enable_dns_support": "true",
                            "id": "vpc-8a71d3e2",
                            "instance_tenancy": "default",
                            "main_route_table_id": "rtb-86ad32ee",
                            "tags.%": "0"
                        },
                        "meta": {
                            "schema_version": "1"
                        },
                        "tainted": false
                    },
                    "deposed": [],
                    "provider": "provider.aws"
                }
            },
            "depends_on": []
        }
    ]
}
