{
    "version": 3,
    "terraform_version": "0.11.2",
    "serial": 15,
    "lineage": "0fb44d7b-9530-4503-b4d4-644872eb3677",
    "modules": [
        {
            "path": [
                "root"
            ],
            "outputs": {},
            "resources": {
                "aws_db_instance.default": {
                    "type": "aws_db_instance",
                    "depends_on": [
                        "aws_db_subnet_group.default",
                        "aws_security_group.internal-sg"
                    ],
                    "primary": {
                        "id": "terraform-20180128231706571200000001",
                        "attributes": {
                            "address": "terraform-20180128231706571200000001.cbljph1qoyyl.us-east-2.rds.amazonaws.com",
                            "allocated_storage": "10",
                            "arn": "arn:aws:rds:us-east-2:932015061793:db:terraform-20180128231706571200000001",
                            "auto_minor_version_upgrade": "true",
                            "availability_zone": "us-east-2a",
                            "backup_retention_period": "0",
                            "backup_window": "05:57-06:27",
                            "ca_cert_identifier": "rds-ca-2015",
                            "copy_tags_to_snapshot": "false",
                            "db_subnet_group_name": "main",
                            "endpoint": "terraform-20180128231706571200000001.cbljph1qoyyl.us-east-2.rds.amazonaws.com:3306",
                            "engine": "mysql",
                            "engine_version": "5.7.19",
                            "hosted_zone_id": "Z2XHWR1WZ565X2",
                            "iam_database_authentication_enabled": "false",
                            "id": "terraform-20180128231706571200000001",
                            "identifier": "terraform-20180128231706571200000001",
                            "instance_class": "db.t2.micro",
                            "iops": "0",
                            "kms_key_id": "",
                            "license_model": "general-public-license",
                            "maintenance_window": "sat:04:53-sat:05:23",
                            "monitoring_interval": "0",
                            "multi_az": "false",
                            "name": "mydb",
                            "option_group_name": "default:mysql-5-7",
                            "parameter_group_name": "default.mysql5.7",
                            "password": "bar12345",
                            "port": "3306",
                            "publicly_accessible": "false",
                            "replicas.#": "0",
                            "replicate_source_db": "",
                            "resource_id": "db-B4SCTYOTMOYO2QSHWQLF4WL7GE",
                            "security_group_names.#": "0",
                            "skip_final_snapshot": "true",
                            "status": "available",
                            "storage_encrypted": "false",
                            "storage_type": "gp2",
                            "tags.%": "0",
                            "timezone": "",
                            "username": "foo",
                            "vpc_security_group_ids.#": "1",
                            "vpc_security_group_ids.1479956449": "sg-43fe3028"
                        },
                        "meta": {
                            "e2bfb730-ecaa-11e6-8f88-34363bc7c4c0": {
                                "create": 2400000000000,
                                "delete": 2400000000000,
                                "update": 4800000000000
                            }
                        },
                        "tainted": false
                    },
                    "deposed": [],
                    "provider": "provider.aws"
                },
                "aws_db_subnet_group.default": {
                    "type": "aws_db_subnet_group",
                    "depends_on": [
                        "aws_subnet.main-subnet-private-2a",
                        "aws_subnet.main-subnet-private-2b",
                        "aws_subnet.main-subnet-private-2c"
                    ],
                    "primary": {
                        "id": "main",
                        "attributes": {
                            "arn": "arn:aws:rds:us-east-2:932015061793:subgrp:main",
                            "description": "Managed by Terraform",
                            "id": "main",
                            "name": "main",
                            "subnet_ids.#": "3",
                            "subnet_ids.1793949925": "subnet-4a339322",
                            "subnet_ids.3113894392": "subnet-35e2be78",
                            "subnet_ids.400276249": "subnet-892a30f2",
                            "tags.%": "1",
                            "tags.Name": "My DB subnet group"
                        },
                        "meta": {},
                        "tainted": false
                    },
                    "deposed": [],
                    "provider": "provider.aws"
                },
                "aws_eip.proxy_ip-1": {
                    "type": "aws_eip",
                    "depends_on": [],
                    "primary": {
                        "id": "eipalloc-f6daf1d8",
                        "attributes": {
                            "association_id": "",
                            "domain": "vpc",
                            "id": "eipalloc-f6daf1d8",
                            "instance": "",
                            "network_interface": "",
                            "private_ip": "",
                            "public_ip": "52.15.43.140",
                            "tags.%": "0",
                            "vpc": "true"
                        },
                        "meta": {},
                        "tainted": false
                    },
                    "deposed": [],
                    "provider": "provider.aws"
                },
                "aws_eip.proxy_ip-2": {
                    "type": "aws_eip",
                    "depends_on": [],
                    "primary": {
                        "id": "eipalloc-e6c0ebc8",
                        "attributes": {
                            "association_id": "",
                            "domain": "vpc",
                            "id": "eipalloc-e6c0ebc8",
                            "instance": "",
                            "network_interface": "",
                            "private_ip": "",
                            "public_ip": "18.218.203.232",
                            "tags.%": "0",
                            "vpc": "true"
                        },
                        "meta": {},
                        "tainted": false
                    },
                    "deposed": [],
                    "provider": "provider.aws"
                },
                "aws_eip.proxy_ip-3": {
                    "type": "aws_eip",
                    "depends_on": [],
                    "primary": {
                        "id": "eipalloc-f7daf1d9",
                        "attributes": {
                            "association_id": "",
                            "domain": "vpc",
                            "id": "eipalloc-f7daf1d9",
                            "instance": "",
                            "network_interface": "",
                            "private_ip": "",
                            "public_ip": "18.218.194.143",
                            "tags.%": "0",
                            "vpc": "true"
                        },
                        "meta": {},
                        "tainted": false
                    },
                    "deposed": [],
                    "provider": "provider.aws"
                },
                "aws_internet_gateway.default": {
                    "type": "aws_internet_gateway",
                    "depends_on": [
                        "aws_vpc.main"
                    ],
                    "primary": {
                        "id": "igw-30eed759",
                        "attributes": {
                            "id": "igw-30eed759",
                            "vpc_id": "vpc-8ce63ce4"
                        },
                        "meta": {},
                        "tainted": false
                    },
                    "deposed": [],
                    "provider": "provider.aws"
                },
                "aws_nat_gateway.us-east-2a": {
                    "type": "aws_nat_gateway",
                    "depends_on": [
                        "aws_eip.proxy_ip-1",
                        "aws_subnet.main-subnet-public-2a"
                    ],
                    "primary": {
                        "id": "nat-0237a3ccfca02dff6",
                        "attributes": {
                            "allocation_id": "eipalloc-f6daf1d8",
                            "id": "nat-0237a3ccfca02dff6",
                            "network_interface_id": "eni-829813dc",
                            "private_ip": "10.0.1.42",
                            "public_ip": "52.15.43.140",
                            "subnet_id": "subnet-883393e0",
                            "tags.%": "0"
                        },
                        "meta": {},
                        "tainted": false
                    },
                    "deposed": [],
                    "provider": "provider.aws"
                },
                "aws_nat_gateway.us-east-2b": {
                    "type": "aws_nat_gateway",
                    "depends_on": [
                        "aws_eip.proxy_ip-2",
                        "aws_subnet.main-subnet-public-2b"
                    ],
                    "primary": {
                        "id": "nat-0c91a93765bdf0804",
                        "attributes": {
                            "allocation_id": "eipalloc-e6c0ebc8",
                            "id": "nat-0c91a93765bdf0804",
                            "network_interface_id": "eni-444ebf10",
                            "private_ip": "10.0.2.248",
                            "public_ip": "18.218.203.232",
                            "subnet_id": "subnet-d32e34a8",
                            "tags.%": "0"
                        },
                        "meta": {},
                        "tainted": false
                    },
                    "deposed": [],
                    "provider": "provider.aws"
                },
                "aws_nat_gateway.us-east-2c": {
                    "type": "aws_nat_gateway",
                    "depends_on": [
                        "aws_eip.proxy_ip-3",
                        "aws_subnet.main-subnet-public-2c"
                    ],
                    "primary": {
                        "id": "nat-01c4351ecba95cc98",
                        "attributes": {
                            "allocation_id": "eipalloc-f7daf1d9",
                            "id": "nat-01c4351ecba95cc98",
                            "network_interface_id": "eni-2394b508",
                            "private_ip": "10.0.3.69",
                            "public_ip": "18.218.194.143",
                            "subnet_id": "subnet-bce0bcf1",
                            "tags.%": "0"
                        },
                        "meta": {},
                        "tainted": false
                    },
                    "deposed": [],
                    "provider": "provider.aws"
                },
                "aws_route_table.route-table-us-east-2": {
                    "type": "aws_route_table",
                    "depends_on": [
                        "aws_internet_gateway.default",
                        "aws_vpc.main"
                    ],
                    "primary": {
                        "id": "rtb-21059049",
                        "attributes": {
                            "id": "rtb-21059049",
                            "propagating_vgws.#": "0",
                            "route.#": "1",
                            "route.3106356577.cidr_block": "0.0.0.0/0",
                            "route.3106356577.egress_only_gateway_id": "",
                            "route.3106356577.gateway_id": "igw-30eed759",
                            "route.3106356577.instance_id": "",
                            "route.3106356577.ipv6_cidr_block": "",
                            "route.3106356577.nat_gateway_id": "",
                            "route.3106356577.network_interface_id": "",
                            "route.3106356577.vpc_peering_connection_id": "",
                            "tags.%": "1",
                            "tags.Name": "Public Subnet route table",
                            "vpc_id": "vpc-8ce63ce4"
                        },
                        "meta": {},
                        "tainted": false
                    },
                    "deposed": [],
                    "provider": "provider.aws"
                },
                "aws_route_table.route-table-us-east-2a-private": {
                    "type": "aws_route_table",
                    "depends_on": [
                        "aws_nat_gateway.us-east-2a",
                        "aws_vpc.main"
                    ],
                    "primary": {
                        "id": "rtb-f505909d",
                        "attributes": {
                            "id": "rtb-f505909d",
                            "propagating_vgws.#": "0",
                            "route.#": "1",
                            "route.4272899347.cidr_block": "0.0.0.0/0",
                            "route.4272899347.egress_only_gateway_id": "",
                            "route.4272899347.gateway_id": "",
                            "route.4272899347.instance_id": "",
                            "route.4272899347.ipv6_cidr_block": "",
                            "route.4272899347.nat_gateway_id": "nat-0237a3ccfca02dff6",
                            "route.4272899347.network_interface_id": "",
                            "route.4272899347.vpc_peering_connection_id": "",
                            "tags.%": "1",
                            "tags.Name": "Private Subnet route table",
                            "vpc_id": "vpc-8ce63ce4"
                        },
                        "meta": {},
                        "tainted": false
                    },
                    "deposed": [],
                    "provider": "provider.aws"
                },
                "aws_route_table.route-table-us-east-2b-private": {
                    "type": "aws_route_table",
                    "depends_on": [
                        "aws_nat_gateway.us-east-2b",
                        "aws_vpc.main"
                    ],
                    "primary": {
                        "id": "rtb-f405909c",
                        "attributes": {
                            "id": "rtb-f405909c",
                            "propagating_vgws.#": "0",
                            "route.#": "1",
                            "route.240174703.cidr_block": "0.0.0.0/0",
                            "route.240174703.egress_only_gateway_id": "",
                            "route.240174703.gateway_id": "",
                            "route.240174703.instance_id": "",
                            "route.240174703.ipv6_cidr_block": "",
                            "route.240174703.nat_gateway_id": "nat-0c91a93765bdf0804",
                            "route.240174703.network_interface_id": "",
                            "route.240174703.vpc_peering_connection_id": "",
                            "tags.%": "1",
                            "tags.Name": "Private Subnet route table",
                            "vpc_id": "vpc-8ce63ce4"
                        },
                        "meta": {},
                        "tainted": false
                    },
                    "deposed": [],
                    "provider": "provider.aws"
                },
                "aws_route_table.route-table-us-east-2c-private": {
                    "type": "aws_route_table",
                    "depends_on": [
                        "aws_nat_gateway.us-east-2c",
                        "aws_vpc.main"
                    ],
                    "primary": {
                        "id": "rtb-f705909f",
                        "attributes": {
                            "id": "rtb-f705909f",
                            "propagating_vgws.#": "0",
                            "route.#": "1",
                            "route.2708720344.cidr_block": "0.0.0.0/0",
                            "route.2708720344.egress_only_gateway_id": "",
                            "route.2708720344.gateway_id": "",
                            "route.2708720344.instance_id": "",
                            "route.2708720344.ipv6_cidr_block": "",
                            "route.2708720344.nat_gateway_id": "nat-01c4351ecba95cc98",
                            "route.2708720344.network_interface_id": "",
                            "route.2708720344.vpc_peering_connection_id": "",
                            "tags.%": "1",
                            "tags.Name": "Private Subnet route table",
                            "vpc_id": "vpc-8ce63ce4"
                        },
                        "meta": {},
                        "tainted": false
                    },
                    "deposed": [],
                    "provider": "provider.aws"
                },
                "aws_route_table_association.route-table-association-2a": {
                    "type": "aws_route_table_association",
                    "depends_on": [
                        "aws_route_table.route-table-us-east-2",
                        "aws_subnet.main-subnet-public-2a"
                    ],
                    "primary": {
                        "id": "rtbassoc-9d707bf5",
                        "attributes": {
                            "id": "rtbassoc-9d707bf5",
                            "route_table_id": "rtb-21059049",
                            "subnet_id": "subnet-883393e0"
                        },
                        "meta": {},
                        "tainted": false
                    },
                    "deposed": [],
                    "provider": "provider.aws"
                },
                "aws_route_table_association.route-table-association-2b": {
                    "type": "aws_route_table_association",
                    "depends_on": [
                        "aws_route_table.route-table-us-east-2",
                        "aws_subnet.main-subnet-public-2b"
                    ],
                    "primary": {
                        "id": "rtbassoc-9e707bf6",
                        "attributes": {
                            "id": "rtbassoc-9e707bf6",
                            "route_table_id": "rtb-21059049",
                            "subnet_id": "subnet-d32e34a8"
                        },
                        "meta": {},
                        "tainted": false
                    },
                    "deposed": [],
                    "provider": "provider.aws"
                },
                "aws_route_table_association.route-table-association-2c": {
                    "type": "aws_route_table_association",
                    "depends_on": [
                        "aws_route_table.route-table-us-east-2",
                        "aws_subnet.main-subnet-public-2c"
                    ],
                    "primary": {
                        "id": "rtbassoc-f672799e",
                        "attributes": {
                            "id": "rtbassoc-f672799e",
                            "route_table_id": "rtb-21059049",
                            "subnet_id": "subnet-bce0bcf1"
                        },
                        "meta": {},
                        "tainted": false
                    },
                    "deposed": [],
                    "provider": "provider.aws"
                },
                "aws_route_table_association.route-table-association-private-2a": {
                    "type": "aws_route_table_association",
                    "depends_on": [
                        "aws_route_table.route-table-us-east-2a-private",
                        "aws_subnet.main-subnet-private-2a"
                    ],
                    "primary": {
                        "id": "rtbassoc-0e717a66",
                        "attributes": {
                            "id": "rtbassoc-0e717a66",
                            "route_table_id": "rtb-f505909d",
                            "subnet_id": "subnet-4a339322"
                        },
                        "meta": {},
                        "tainted": false
                    },
                    "deposed": [],
                    "provider": "provider.aws"
                },
                "aws_route_table_association.route-table-association-private-2b": {
                    "type": "aws_route_table_association",
                    "depends_on": [
                        "aws_route_table.route-table-us-east-2b-private",
                        "aws_subnet.main-subnet-private-2b"
                    ],
                    "primary": {
                        "id": "rtbassoc-1d757e75",
                        "attributes": {
                            "id": "rtbassoc-1d757e75",
                            "route_table_id": "rtb-f405909c",
                            "subnet_id": "subnet-892a30f2"
                        },
                        "meta": {},
                        "tainted": false
                    },
                    "deposed": [],
                    "provider": "provider.aws"
                },
                "aws_route_table_association.route-table-association-private-2c": {
                    "type": "aws_route_table_association",
                    "depends_on": [
                        "aws_route_table.route-table-us-east-2c-private",
                        "aws_subnet.main-subnet-private-2c"
                    ],
                    "primary": {
                        "id": "rtbassoc-6b717a03",
                        "attributes": {
                            "id": "rtbassoc-6b717a03",
                            "route_table_id": "rtb-f705909f",
                            "subnet_id": "subnet-35e2be78"
                        },
                        "meta": {},
                        "tainted": false
                    },
                    "deposed": [],
                    "provider": "provider.aws"
                },
                "aws_s3_bucket.batch-data-example": {
                    "type": "aws_s3_bucket",
                    "depends_on": [],
                    "primary": {
                        "id": "serverless-test-data-bucket-example",
                        "attributes": {
                            "acceleration_status": "",
                            "acl": "private",
                            "arn": "arn:aws:s3:::serverless-test-data-bucket-example",
                            "bucket": "serverless-test-data-bucket-example",
                            "bucket_domain_name": "serverless-test-data-bucket-example.s3.amazonaws.com",
                            "force_destroy": "false",
                            "hosted_zone_id": "Z2O1EMRO9K5GLX",
                            "id": "serverless-test-data-bucket-example",
                            "logging.#": "0",
                            "region": "us-east-2",
                            "request_payer": "BucketOwner",
                            "server_side_encryption_configuration.#": "0",
                            "tags.%": "0",
                            "versioning.#": "1",
                            "versioning.0.enabled": "false",
                            "versioning.0.mfa_delete": "false",
                            "website.#": "0"
                        },
                        "meta": {},
                        "tainted": false
                    },
                    "deposed": [],
                    "provider": "provider.aws"
                },
                "aws_security_group.internal-sg": {
                    "type": "aws_security_group",
                    "depends_on": [
                        "aws_vpc.main"
                    ],
                    "primary": {
                        "id": "sg-43fe3028",
                        "attributes": {
                            "description": "Allow all traffic from the VPC",
                            "egress.#": "1",
                            "egress.482069346.cidr_blocks.#": "1",
                            "egress.482069346.cidr_blocks.0": "0.0.0.0/0",
                            "egress.482069346.description": "",
                            "egress.482069346.from_port": "0",
                            "egress.482069346.ipv6_cidr_blocks.#": "0",
                            "egress.482069346.prefix_list_ids.#": "0",
                            "egress.482069346.protocol": "-1",
                            "egress.482069346.security_groups.#": "0",
                            "egress.482069346.self": "false",
                            "egress.482069346.to_port": "0",
                            "id": "sg-43fe3028",
                            "ingress.#": "1",
                            "ingress.2938088484.cidr_blocks.#": "1",
                            "ingress.2938088484.cidr_blocks.0": "10.0.0.0/16",
                            "ingress.2938088484.description": "",
                            "ingress.2938088484.from_port": "3306",
                            "ingress.2938088484.ipv6_cidr_blocks.#": "0",
                            "ingress.2938088484.protocol": "tcp",
                            "ingress.2938088484.security_groups.#": "0",
                            "ingress.2938088484.self": "false",
                            "ingress.2938088484.to_port": "3306",
                            "name": "internal-vpc-sg",
                            "owner_id": "932015061793",
                            "revoke_rules_on_delete": "false",
                            "tags.%": "0",
                            "vpc_id": "vpc-8ce63ce4"
                        },
                        "meta": {
                            "schema_version": "1"
                        },
                        "tainted": false
                    },
                    "deposed": [],
                    "provider": "provider.aws"
                },
                "aws_subnet.main-subnet-private-2a": {
                    "type": "aws_subnet",
                    "depends_on": [
                        "aws_vpc.main"
                    ],
                    "primary": {
                        "id": "subnet-4a339322",
                        "attributes": {
                            "assign_ipv6_address_on_creation": "false",
                            "availability_zone": "us-east-2a",
                            "cidr_block": "10.0.4.0/24",
                            "id": "subnet-4a339322",
                            "map_public_ip_on_launch": "false",
                            "tags.%": "1",
                            "tags.Name": "private subnet 2a",
                            "vpc_id": "vpc-8ce63ce4"
                        },
                        "meta": {
                            "schema_version": "1"
                        },
                        "tainted": false
                    },
                    "deposed": [],
                    "provider": "provider.aws"
                },
                "aws_subnet.main-subnet-private-2b": {
                    "type": "aws_subnet",
                    "depends_on": [
                        "aws_vpc.main"
                    ],
                    "primary": {
                        "id": "subnet-892a30f2",
                        "attributes": {
                            "assign_ipv6_address_on_creation": "false",
                            "availability_zone": "us-east-2b",
                            "cidr_block": "10.0.5.0/24",
                            "id": "subnet-892a30f2",
                            "map_public_ip_on_launch": "false",
                            "tags.%": "1",
                            "tags.Name": "private subnet 2b",
                            "vpc_id": "vpc-8ce63ce4"
                        },
                        "meta": {
                            "schema_version": "1"
                        },
                        "tainted": false
                    },
                    "deposed": [],
                    "provider": "provider.aws"
                },
                "aws_subnet.main-subnet-private-2c": {
                    "type": "aws_subnet",
                    "depends_on": [
                        "aws_vpc.main"
                    ],
                    "primary": {
                        "id": "subnet-35e2be78",
                        "attributes": {
                            "assign_ipv6_address_on_creation": "false",
                            "availability_zone": "us-east-2c",
                            "cidr_block": "10.0.6.0/24",
                            "id": "subnet-35e2be78",
                            "map_public_ip_on_launch": "false",
                            "tags.%": "1",
                            "tags.Name": "private subnet 2c",
                            "vpc_id": "vpc-8ce63ce4"
                        },
                        "meta": {
                            "schema_version": "1"
                        },
                        "tainted": false
                    },
                    "deposed": [],
                    "provider": "provider.aws"
                },
                "aws_subnet.main-subnet-public-2a": {
                    "type": "aws_subnet",
                    "depends_on": [
                        "aws_vpc.main"
                    ],
                    "primary": {
                        "id": "subnet-883393e0",
                        "attributes": {
                            "assign_ipv6_address_on_creation": "false",
                            "availability_zone": "us-east-2a",
                            "cidr_block": "10.0.1.0/24",
                            "id": "subnet-883393e0",
                            "map_public_ip_on_launch": "false",
                            "tags.%": "1",
                            "tags.Name": "public subnet 2a",
                            "vpc_id": "vpc-8ce63ce4"
                        },
                        "meta": {
                            "schema_version": "1"
                        },
                        "tainted": false
                    },
                    "deposed": [],
                    "provider": "provider.aws"
                },
                "aws_subnet.main-subnet-public-2b": {
                    "type": "aws_subnet",
                    "depends_on": [
                        "aws_vpc.main"
                    ],
                    "primary": {
                        "id": "subnet-d32e34a8",
                        "attributes": {
                            "assign_ipv6_address_on_creation": "false",
                            "availability_zone": "us-east-2b",
                            "cidr_block": "10.0.2.0/24",
                            "id": "subnet-d32e34a8",
                            "map_public_ip_on_launch": "false",
                            "tags.%": "1",
                            "tags.Name": "public subnet 2b",
                            "vpc_id": "vpc-8ce63ce4"
                        },
                        "meta": {
                            "schema_version": "1"
                        },
                        "tainted": false
                    },
                    "deposed": [],
                    "provider": "provider.aws"
                },
                "aws_subnet.main-subnet-public-2c": {
                    "type": "aws_subnet",
                    "depends_on": [
                        "aws_vpc.main"
                    ],
                    "primary": {
                        "id": "subnet-bce0bcf1",
                        "attributes": {
                            "assign_ipv6_address_on_creation": "false",
                            "availability_zone": "us-east-2c",
                            "cidr_block": "10.0.3.0/24",
                            "id": "subnet-bce0bcf1",
                            "map_public_ip_on_launch": "false",
                            "tags.%": "1",
                            "tags.Name": "public subnet 2c",
                            "vpc_id": "vpc-8ce63ce4"
                        },
                        "meta": {
                            "schema_version": "1"
                        },
                        "tainted": false
                    },
                    "deposed": [],
                    "provider": "provider.aws"
                },
                "aws_vpc.main": {
                    "type": "aws_vpc",
                    "depends_on": [],
                    "primary": {
                        "id": "vpc-8ce63ce4",
                        "attributes": {
                            "assign_generated_ipv6_cidr_block": "false",
                            "cidr_block": "10.0.0.0/16",
                            "default_network_acl_id": "acl-2b229c43",
                            "default_route_table_id": "rtb-4a079222",
                            "default_security_group_id": "sg-0fe52b64",
                            "dhcp_options_id": "dopt-ab48e0c3",
                            "enable_dns_hostnames": "false",
                            "enable_dns_support": "true",
                            "id": "vpc-8ce63ce4",
                            "instance_tenancy": "default",
                            "main_route_table_id": "rtb-4a079222",
                            "tags.%": "0"
                        },
                        "meta": {
                            "schema_version": "1"
                        },
                        "tainted": false
                    },
                    "deposed": [],
                    "provider": "provider.aws"
                }
            },
            "depends_on": []
        }
    ]
}
