{
    "version": 3,
    "terraform_version": "0.11.2",
    "serial": 7,
    "lineage": "a4ebf15c-f8de-4a07-94b2-0f2950282426",
    "modules": [
        {
            "path": [
                "root"
            ],
            "outputs": {},
            "resources": {
                "google_compute_network.default": {
                    "type": "google_compute_network",
                    "depends_on": [],
                    "primary": {
                        "id": "us-central-1-network",
                        "attributes": {
                            "auto_create_subnetworks": "true",
                            "description": "",
                            "gateway_ipv4": "",
                            "id": "us-central-1-network",
                            "ipv4_range": "",
                            "name": "us-central-1-network",
                            "project": "serverless-examples-193623",
                            "routing_mode": "REGIONAL",
                            "self_link": "https://www.googleapis.com/compute/v1/projects/serverless-examples-193623/global/networks/us-central-1-network"
                        },
                        "meta": {},
                        "tainted": false
                    },
                    "deposed": [],
                    "provider": "provider.google"
                },
                "google_sql_database_instance.master": {
                    "type": "google_sql_database_instance",
                    "depends_on": [],
                    "primary": {
                        "id": "terraform-20180205041539009900000001",
                        "attributes": {
                            "connection_name": "serverless-examples-193623:us-central1:terraform-20180205041539009900000001",
                            "database_version": "MYSQL_5_7",
                            "id": "terraform-20180205041539009900000001",
                            "ip_address.#": "1",
                            "ip_address.0.ip_address": "146.148.46.233",
                            "ip_address.0.time_to_retire": "",
                            "master_instance_name": "",
                            "name": "terraform-20180205041539009900000001",
                            "project": "serverless-examples-193623",
                            "region": "us-central1",
                            "replica_configuration.#": "0",
                            "self_link": "https://www.googleapis.com/sql/v1beta4/projects/serverless-examples-193623/instances/terraform-20180205041539009900000001",
                            "settings.#": "1",
                            "settings.0.activation_policy": "ALWAYS",
                            "settings.0.authorized_gae_applications.#": "0",
                            "settings.0.backup_configuration.#": "1",
                            "settings.0.backup_configuration.0.binary_log_enabled": "false",
                            "settings.0.backup_configuration.0.enabled": "false",
                            "settings.0.backup_configuration.0.start_time": "10:00",
                            "settings.0.crash_safe_replication": "false",
                            "settings.0.database_flags.#": "0",
                            "settings.0.disk_autoresize": "true",
                            "settings.0.disk_size": "10",
                            "settings.0.disk_type": "PD_SSD",
                            "settings.0.ip_configuration.#": "1",
                            "settings.0.ip_configuration.0.authorized_networks.#": "0",
                            "settings.0.ip_configuration.0.ipv4_enabled": "true",
                            "settings.0.ip_configuration.0.require_ssl": "false",
                            "settings.0.location_preference.#": "0",
                            "settings.0.maintenance_window.#": "0",
                            "settings.0.pricing_plan": "PER_USE",
                            "settings.0.replication_type": "SYNCHRONOUS",
                            "settings.0.tier": "db-f1-micro",
                            "settings.0.version": "1"
                        },
                        "meta": {},
                        "tainted": false
                    },
                    "deposed": [],
                    "provider": "provider.google"
                },
                "google_sql_user.users": {
                    "type": "google_sql_user",
                    "depends_on": [
                        "google_sql_database_instance.master"
                    ],
                    "primary": {
                        "id": "terraform-20180205041539009900000001/admin",
                        "attributes": {
                            "host": "*",
                            "id": "terraform-20180205041539009900000001/admin",
                            "instance": "terraform-20180205041539009900000001",
                            "name": "admin",
                            "password": "changeme",
                            "project": "serverless-examples-193623"
                        },
                        "meta": {
                            "schema_version": "1"
                        },
                        "tainted": false
                    },
                    "deposed": [],
                    "provider": "provider.google"
                }
            },
            "depends_on": []
        }
    ]
}
